{
  "requires": true,
  "lockfileVersion": 1,
  "dependencies": {
    "@types/diff": {
      "version": "5.0.3",
      "resolved": "https://registry.npmjs.org/@types/diff/-/diff-5.0.3.tgz",
      "integrity": "sha512-amrLbRqTU9bXMCc6uX0sWpxsQzRIo9z6MJPkH1pkez/qOxuqSZVuryJAWoBRq94CeG8JxY+VK4Le9HtjQR5T9A==",
      "dev": true
    },
    "types-registry": {
      "version": "0.1.684",
      "resolved": "https://registry.npmjs.org/types-registry/-/types-registry-0.1.684.tgz",
      "integrity": "sha512-B6v+g9M+7IJSc1w2THOmTuRKvd/ACxZTGXM18E8MzpHWx1mGUvGGT+RXsSnxNpyqtbjWLeXj8uyyu/MxVOS3xw=="
    }
  }
}
